
Microsoft Visual Studio Solution File, Format Version 12.00
# Visual Studio Version 17
VisualStudioVersion = 17.14.36109.1 d17.14
MinimumVisualStudioVersion = 10.0.40219.1
Project("{FAE04EC0-301F-11D3-BF4B-00C04F79EFBC}") = "Producto", "Producto\Producto.csproj", "{D8E7FD60-A044-4A3E-AF4B-70E9E4CCA1D0}"
EndProject
Global
	GlobalSection(SolutionConfigurationPlatforms) = preSolution
		Debug|Any CPU = Debug|Any CPU
		Release|Any CPU = Release|Any CPU
	EndGlobalSection
	GlobalSection(ProjectConfigurationPlatforms) = postSolution
		{D8E7FD60-A044-4A3E-AF4B-70E9E4CCA1D0}.Debug|Any CPU.ActiveCfg = Debug|Any CPU
		{D8E7FD60-A044-4A3E-AF4B-70E9E4CCA1D0}.Debug|Any CPU.Build.0 = Debug|Any CPU
		{D8E7FD60-A044-4A3E-AF4B-70E9E4CCA1D0}.Release|Any CPU.ActiveCfg = Release|Any CPU
		{D8E7FD60-A044-4A3E-AF4B-70E9E4CCA1D0}.Release|Any CPU.Build.0 = Release|Any CPU
	EndGlobalSection
	GlobalSection(SolutionProperties) = preSolution
		HideSolutionNode = FALSE
	EndGlobalSection
	GlobalSection(ExtensibilityGlobals) = postSolution
		SolutionGuid = {56586C0B-E65B-4825-B13A-07A09FEDBC79}
	EndGlobalSection
EndGlobal
